
Microsoft Visual Studio Solution File, Format Version 12.00
# Visual Studio Version 17
VisualStudioVersion = 17.3.32929.385
MinimumVisualStudioVersion = 10.0.40219.1
Project("{9A19103F-16F7-4668-BE54-9A1E7A4F7556}") = "LogAnalysis", "LogAnalysis.csproj", "{43E3E6AA-F9E5-49BD-A2C8-78E7CE411FFF}"
EndProject
Global
	GlobalSection(SolutionConfigurationPlatforms) = preSolution
		Debug|Any CPU = Debug|Any CPU
		Release|Any CPU = Release|Any CPU
	EndGlobalSection
	GlobalSection(ProjectConfigurationPlatforms) = postSolution
		{43E3E6AA-F9E5-49BD-A2C8-78E7CE411FFF}.Debug|Any CPU.ActiveCfg = Debug|Any CPU
		{43E3E6AA-F9E5-49BD-A2C8-78E7CE411FFF}.Debug|Any CPU.Build.0 = Debug|Any CPU
		{43E3E6AA-F9E5-49BD-A2C8-78E7CE411FFF}.Release|Any CPU.ActiveCfg = Release|Any CPU
		{43E3E6AA-F9E5-49BD-A2C8-78E7CE411FFF}.Release|Any CPU.Build.0 = Release|Any CPU
	EndGlobalSection
	GlobalSection(SolutionProperties) = preSolution
		HideSolutionNode = FALSE
	EndGlobalSection
	GlobalSection(ExtensibilityGlobals) = postSolution
		SolutionGuid = {7C11E713-09F4-4577-A481-F5C70C12F287}
	EndGlobalSection
EndGlobal
